// !$*UTF8*$!
{
	archiveVersion = 1;
	classes = {
	};
	objectVersion = 46;
	objects = {

/* Begin PBXBuildFile section */
		53F104E0DE47473D9F148F92 /* libPods.a in Frameworks */ = {isa = PBXBuildFile; fileRef = B36CFA9678AF4CDC99C675F0 /* libPods.a */; };
		FEAAF74918F219E6009DA045 /* SidebarContainerViewController.m in Sources */ = {isa = PBXBuildFile; fileRef = FEAAF74718F219E6009DA045 /* SidebarContainerViewController.m */; };
		FEAAF74A18F219E6009DA045 /* SidebarContainerViewController.xib in Resources */ = {isa = PBXBuildFile; fileRef = FEAAF74818F219E6009DA045 /* SidebarContainerViewController.xib */; };
		FEAAF75318F23459009DA045 /* ProfileViewController.m in Sources */ = {isa = PBXBuildFile; fileRef = FEAAF75118F23459009DA045 /* ProfileViewController.m */; };
		FEAAF75418F23459009DA045 /* ProfileViewController.xib in Resources */ = {isa = PBXBuildFile; fileRef = FEAAF75218F23459009DA045 /* ProfileViewController.xib */; };
		FEAAF75A18F24539009DA045 /* EmbeddedViewController.m in Sources */ = {isa = PBXBuildFile; fileRef = FEAAF75918F24539009DA045 /* EmbeddedViewController.m */; };
		FEAAF75E18F27E78009DA045 /* SidebarProfileCell.m in Sources */ = {isa = PBXBuildFile; fileRef = FEAAF75C18F27E78009DA045 /* SidebarProfileCell.m */; };
		FEAAF75F18F27E78009DA045 /* SidebarProfileCell.xib in Resources */ = {isa = PBXBuildFile; fileRef = FEAAF75D18F27E78009DA045 /* SidebarProfileCell.xib */; };
		FEBE1B4518E906CB004853C0 /* NSURL+dictionaryFromQueryString.m in Sources */ = {isa = PBXBuildFile; fileRef = FEBE1B4418E906CB004853C0 /* NSURL+dictionaryFromQueryString.m */; };
		FEBE1B4918E90EDF004853C0 /* TweetsViewController.m in Sources */ = {isa = PBXBuildFile; fileRef = FEBE1B4718E90EDF004853C0 /* TweetsViewController.m */; };
		FEBE1B4A18E90EDF004853C0 /* TweetsViewController.xib in Resources */ = {isa = PBXBuildFile; fileRef = FEBE1B4818E90EDF004853C0 /* TweetsViewController.xib */; };
		FEBE1B4D18E90F15004853C0 /* User.m in Sources */ = {isa = PBXBuildFile; fileRef = FEBE1B4C18E90F15004853C0 /* User.m */; };
		FEBE1B5218E920C2004853C0 /* TweetCell.m in Sources */ = {isa = PBXBuildFile; fileRef = FEBE1B5018E920C2004853C0 /* TweetCell.m */; };
		FEBE1B5318E920C2004853C0 /* TweetCell.xib in Resources */ = {isa = PBXBuildFile; fileRef = FEBE1B5118E920C2004853C0 /* TweetCell.xib */; };
		FEBE1B5718E932CE004853C0 /* ComposeViewController.m in Sources */ = {isa = PBXBuildFile; fileRef = FEBE1B5518E932CE004853C0 /* ComposeViewController.m */; };
		FEBE1B5818E932CE004853C0 /* ComposeViewController.xib in Resources */ = {isa = PBXBuildFile; fileRef = FEBE1B5618E932CE004853C0 /* ComposeViewController.xib */; };
		FEBE1B5C18E9450C004853C0 /* TweetViewController.m in Sources */ = {isa = PBXBuildFile; fileRef = FEBE1B5A18E9450C004853C0 /* TweetViewController.m */; };
		FEBE1B5D18E9450C004853C0 /* TweetViewController.xib in Resources */ = {isa = PBXBuildFile; fileRef = FEBE1B5B18E9450C004853C0 /* TweetViewController.xib */; };
		FEF3E85F18E8EE5400CB3812 /* Foundation.framework in Frameworks */ = {isa = PBXBuildFile; fileRef = FEF3E85E18E8EE5400CB3812 /* Foundation.framework */; };
		FEF3E86118E8EE5400CB3812 /* CoreGraphics.framework in Frameworks */ = {isa = PBXBuildFile; fileRef = FEF3E86018E8EE5400CB3812 /* CoreGraphics.framework */; };
		FEF3E86318E8EE5400CB3812 /* UIKit.framework in Frameworks */ = {isa = PBXBuildFile; fileRef = FEF3E86218E8EE5400CB3812 /* UIKit.framework */; };
		FEF3E86918E8EE5400CB3812 /* InfoPlist.strings in Resources */ = {isa = PBXBuildFile; fileRef = FEF3E86718E8EE5400CB3812 /* InfoPlist.strings */; };
		FEF3E86B18E8EE5400CB3812 /* main.m in Sources */ = {isa = PBXBuildFile; fileRef = FEF3E86A18E8EE5400CB3812 /* main.m */; };
		FEF3E86F18E8EE5400CB3812 /* AppDelegate.m in Sources */ = {isa = PBXBuildFile; fileRef = FEF3E86E18E8EE5400CB3812 /* AppDelegate.m */; };
		FEF3E87118E8EE5400CB3812 /* Images.xcassets in Resources */ = {isa = PBXBuildFile; fileRef = FEF3E87018E8EE5400CB3812 /* Images.xcassets */; };
		FEF3E87818E8EE5400CB3812 /* XCTest.framework in Frameworks */ = {isa = PBXBuildFile; fileRef = FEF3E87718E8EE5400CB3812 /* XCTest.framework */; };
		FEF3E87918E8EE5400CB3812 /* Foundation.framework in Frameworks */ = {isa = PBXBuildFile; fileRef = FEF3E85E18E8EE5400CB3812 /* Foundation.framework */; };
		FEF3E87A18E8EE5400CB3812 /* UIKit.framework in Frameworks */ = {isa = PBXBuildFile; fileRef = FEF3E86218E8EE5400CB3812 /* UIKit.framework */; };
		FEF3E88218E8EE5400CB3812 /* InfoPlist.strings in Resources */ = {isa = PBXBuildFile; fileRef = FEF3E88018E8EE5400CB3812 /* InfoPlist.strings */; };
		FEF3E88418E8EE5400CB3812 /* TwitterTests.m in Sources */ = {isa = PBXBuildFile; fileRef = FEF3E88318E8EE5400CB3812 /* TwitterTests.m */; };
		FEF3E88F18E8EEF600CB3812 /* TwitterAPIClient.m in Sources */ = {isa = PBXBuildFile; fileRef = FEF3E88E18E8EEF600CB3812 /* TwitterAPIClient.m */; };
		FEF3E89318E8F2DB00CB3812 /* Tweet.m in Sources */ = {isa = PBXBuildFile; fileRef = FEF3E89218E8F2DB00CB3812 /* Tweet.m */; };
		FEF3E89918E8F74800CB3812 /* LoginViewController.m in Sources */ = {isa = PBXBuildFile; fileRef = FEF3E89718E8F74800CB3812 /* LoginViewController.m */; };
		FEF3E89A18E8F74800CB3812 /* LoginViewController.xib in Resources */ = {isa = PBXBuildFile; fileRef = FEF3E89818E8F74800CB3812 /* LoginViewController.xib */; };
/* End PBXBuildFile section */

/* Begin PBXContainerItemProxy section */
		FEF3E87B18E8EE5400CB3812 /* PBXContainerItemProxy */ = {
			isa = PBXContainerItemProxy;
			containerPortal = FEF3E85318E8EE5400CB3812 /* Project object */;
			proxyType = 1;
			remoteGlobalIDString = FEF3E85A18E8EE5400CB3812;
			remoteInfo = Twitter;
		};
/* End PBXContainerItemProxy section */

/* Begin PBXFileReference section */
		B36CFA9678AF4CDC99C675F0 /* libPods.a */ = {isa = PBXFileReference; explicitFileType = archive.ar; includeInIndex = 0; path = libPods.a; sourceTree = BUILT_PRODUCTS_DIR; };
		C8AA38C881CE486FA805B308 /* Pods.xcconfig */ = {isa = PBXFileReference; includeInIndex = 1; lastKnownFileType = text.xcconfig; name = Pods.xcconfig; path = Pods/Pods.xcconfig; sourceTree = "<group>"; };
		FEAAF74618F219E6009DA045 /* SidebarContainerViewController.h */ = {isa = PBXFileReference; fileEncoding = 4; lastKnownFileType = sourcecode.c.h; path = SidebarContainerViewController.h; sourceTree = "<group>"; };
		FEAAF74718F219E6009DA045 /* SidebarContainerViewController.m */ = {isa = PBXFileReference; fileEncoding = 4; lastKnownFileType = sourcecode.c.objc; path = SidebarContainerViewController.m; sourceTree = "<group>"; };
		FEAAF74818F219E6009DA045 /* SidebarContainerViewController.xib */ = {isa = PBXFileReference; fileEncoding = 4; lastKnownFileType = file.xib; path = SidebarContainerViewController.xib; sourceTree = "<group>"; };
		FEAAF75018F23459009DA045 /* ProfileViewController.h */ = {isa = PBXFileReference; fileEncoding = 4; lastKnownFileType = sourcecode.c.h; path = ProfileViewController.h; sourceTree = "<group>"; };
		FEAAF75118F23459009DA045 /* ProfileViewController.m */ = {isa = PBXFileReference; fileEncoding = 4; lastKnownFileType = sourcecode.c.objc; path = ProfileViewController.m; sourceTree = "<group>"; };
		FEAAF75218F23459009DA045 /* ProfileViewController.xib */ = {isa = PBXFileReference; fileEncoding = 4; lastKnownFileType = file.xib; path = ProfileViewController.xib; sourceTree = "<group>"; };
		FEAAF75518F23C46009DA045 /* SidebarDelegate.h */ = {isa = PBXFileReference; fileEncoding = 4; lastKnownFileType = sourcecode.c.h; path = SidebarDelegate.h; sourceTree = "<group>"; };
		FEAAF75818F24539009DA045 /* EmbeddedViewController.h */ = {isa = PBXFileReference; fileEncoding = 4; lastKnownFileType = sourcecode.c.h; path = EmbeddedViewController.h; sourceTree = "<group>"; };
		FEAAF75918F24539009DA045 /* EmbeddedViewController.m */ = {isa = PBXFileReference; fileEncoding = 4; lastKnownFileType = sourcecode.c.objc; path = EmbeddedViewController.m; sourceTree = "<group>"; };
		FEAAF75B18F27E78009DA045 /* SidebarProfileCell.h */ = {isa = PBXFileReference; fileEncoding = 4; lastKnownFileType = sourcecode.c.h; path = SidebarProfileCell.h; sourceTree = "<group>"; };
		FEAAF75C18F27E78009DA045 /* SidebarProfileCell.m */ = {isa = PBXFileReference; fileEncoding = 4; lastKnownFileType = sourcecode.c.objc; path = SidebarProfileCell.m; sourceTree = "<group>"; };
		FEAAF75D18F27E78009DA045 /* SidebarProfileCell.xib */ = {isa = PBXFileReference; fileEncoding = 4; lastKnownFileType = file.xib; path = SidebarProfileCell.xib; sourceTree = "<group>"; };
		FEBE1B4318E906CB004853C0 /* NSURL+dictionaryFromQueryString.h */ = {isa = PBXFileReference; fileEncoding = 4; lastKnownFileType = sourcecode.c.h; path = "NSURL+dictionaryFromQueryString.h"; sourceTree = "<group>"; };
		FEBE1B4418E906CB004853C0 /* NSURL+dictionaryFromQueryString.m */ = {isa = PBXFileReference; fileEncoding = 4; lastKnownFileType = sourcecode.c.objc; path = "NSURL+dictionaryFromQueryString.m"; sourceTree = "<group>"; };
		FEBE1B4618E90EDF004853C0 /* TweetsViewController.h */ = {isa = PBXFileReference; fileEncoding = 4; lastKnownFileType = sourcecode.c.h; path = TweetsViewController.h; sourceTree = "<group>"; };
		FEBE1B4718E90EDF004853C0 /* TweetsViewController.m */ = {isa = PBXFileReference; fileEncoding = 4; lastKnownFileType = sourcecode.c.objc; path = TweetsViewController.m; sourceTree = "<group>"; };
		FEBE1B4818E90EDF004853C0 /* TweetsViewController.xib */ = {isa = PBXFileReference; fileEncoding = 4; lastKnownFileType = file.xib; path = TweetsViewController.xib; sourceTree = "<group>"; };
		FEBE1B4B18E90F15004853C0 /* User.h */ = {isa = PBXFileReference; fileEncoding = 4; lastKnownFileType = sourcecode.c.h; path = User.h; sourceTree = "<group>"; };
		FEBE1B4C18E90F15004853C0 /* User.m */ = {isa = PBXFileReference; fileEncoding = 4; lastKnownFileType = sourcecode.c.objc; path = User.m; sourceTree = "<group>"; };
		FEBE1B4F18E920C2004853C0 /* TweetCell.h */ = {isa = PBXFileReference; fileEncoding = 4; lastKnownFileType = sourcecode.c.h; path = TweetCell.h; sourceTree = "<group>"; };
		FEBE1B5018E920C2004853C0 /* TweetCell.m */ = {isa = PBXFileReference; fileEncoding = 4; lastKnownFileType = sourcecode.c.objc; path = TweetCell.m; sourceTree = "<group>"; };
		FEBE1B5118E920C2004853C0 /* TweetCell.xib */ = {isa = PBXFileReference; fileEncoding = 4; lastKnownFileType = file.xib; path = TweetCell.xib; sourceTree = "<group>"; };
		FEBE1B5418E932CD004853C0 /* ComposeViewController.h */ = {isa = PBXFileReference; fileEncoding = 4; lastKnownFileType = sourcecode.c.h; path = ComposeViewController.h; sourceTree = "<group>"; };
		FEBE1B5518E932CE004853C0 /* ComposeViewController.m */ = {isa = PBXFileReference; fileEncoding = 4; lastKnownFileType = sourcecode.c.objc; path = ComposeViewController.m; sourceTree = "<group>"; };
		FEBE1B5618E932CE004853C0 /* ComposeViewController.xib */ = {isa = PBXFileReference; fileEncoding = 4; lastKnownFileType = file.xib; path = ComposeViewController.xib; sourceTree = "<group>"; };
		FEBE1B5918E9450C004853C0 /* TweetViewController.h */ = {isa = PBXFileReference; fileEncoding = 4; lastKnownFileType = sourcecode.c.h; path = TweetViewController.h; sourceTree = "<group>"; };
		FEBE1B5A18E9450C004853C0 /* TweetViewController.m */ = {isa = PBXFileReference; fileEncoding = 4; lastKnownFileType = sourcecode.c.objc; path = TweetViewController.m; sourceTree = "<group>"; };
		FEBE1B5B18E9450C004853C0 /* TweetViewController.xib */ = {isa = PBXFileReference; fileEncoding = 4; lastKnownFileType = file.xib; path = TweetViewController.xib; sourceTree = "<group>"; };
		FEF3E85B18E8EE5400CB3812 /* Twitter.app */ = {isa = PBXFileReference; explicitFileType = wrapper.application; includeInIndex = 0; path = Twitter.app; sourceTree = BUILT_PRODUCTS_DIR; };
		FEF3E85E18E8EE5400CB3812 /* Foundation.framework */ = {isa = PBXFileReference; lastKnownFileType = wrapper.framework; name = Foundation.framework; path = System/Library/Frameworks/Foundation.framework; sourceTree = SDKROOT; };
		FEF3E86018E8EE5400CB3812 /* CoreGraphics.framework */ = {isa = PBXFileReference; lastKnownFileType = wrapper.framework; name = CoreGraphics.framework; path = System/Library/Frameworks/CoreGraphics.framework; sourceTree = SDKROOT; };
		FEF3E86218E8EE5400CB3812 /* UIKit.framework */ = {isa = PBXFileReference; lastKnownFileType = wrapper.framework; name = UIKit.framework; path = System/Library/Frameworks/UIKit.framework; sourceTree = SDKROOT; };
		FEF3E86618E8EE5400CB3812 /* Twitter-Info.plist */ = {isa = PBXFileReference; lastKnownFileType = text.plist.xml; path = "Twitter-Info.plist"; sourceTree = "<group>"; };
		FEF3E86818E8EE5400CB3812 /* en */ = {isa = PBXFileReference; lastKnownFileType = text.plist.strings; name = en; path = en.lproj/InfoPlist.strings; sourceTree = "<group>"; };
		FEF3E86A18E8EE5400CB3812 /* main.m */ = {isa = PBXFileReference; lastKnownFileType = sourcecode.c.objc; path = main.m; sourceTree = "<group>"; };
		FEF3E86C18E8EE5400CB3812 /* Twitter-Prefix.pch */ = {isa = PBXFileReference; lastKnownFileType = sourcecode.c.h; path = "Twitter-Prefix.pch"; sourceTree = "<group>"; };
		FEF3E86D18E8EE5400CB3812 /* AppDelegate.h */ = {isa = PBXFileReference; lastKnownFileType = sourcecode.c.h; path = AppDelegate.h; sourceTree = "<group>"; };
		FEF3E86E18E8EE5400CB3812 /* AppDelegate.m */ = {isa = PBXFileReference; lastKnownFileType = sourcecode.c.objc; path = AppDelegate.m; sourceTree = "<group>"; };
		FEF3E87018E8EE5400CB3812 /* Images.xcassets */ = {isa = PBXFileReference; lastKnownFileType = folder.assetcatalog; path = Images.xcassets; sourceTree = "<group>"; };
		FEF3E87618E8EE5400CB3812 /* TwitterTests.xctest */ = {isa = PBXFileReference; explicitFileType = wrapper.cfbundle; includeInIndex = 0; path = TwitterTests.xctest; sourceTree = BUILT_PRODUCTS_DIR; };
		FEF3E87718E8EE5400CB3812 /* XCTest.framework */ = {isa = PBXFileReference; lastKnownFileType = wrapper.framework; name = XCTest.framework; path = Library/Frameworks/XCTest.framework; sourceTree = DEVELOPER_DIR; };
		FEF3E87F18E8EE5400CB3812 /* TwitterTests-Info.plist */ = {isa = PBXFileReference; lastKnownFileType = text.plist.xml; path = "TwitterTests-Info.plist"; sourceTree = "<group>"; };
		FEF3E88118E8EE5400CB3812 /* en */ = {isa = PBXFileReference; lastKnownFileType = text.plist.strings; name = en; path = en.lproj/InfoPlist.strings; sourceTree = "<group>"; };
		FEF3E88318E8EE5400CB3812 /* TwitterTests.m */ = {isa = PBXFileReference; lastKnownFileType = sourcecode.c.objc; path = TwitterTests.m; sourceTree = "<group>"; };
		FEF3E88D18E8EEF600CB3812 /* TwitterAPIClient.h */ = {isa = PBXFileReference; fileEncoding = 4; lastKnownFileType = sourcecode.c.h; path = TwitterAPIClient.h; sourceTree = "<group>"; };
		FEF3E88E18E8EEF600CB3812 /* TwitterAPIClient.m */ = {isa = PBXFileReference; fileEncoding = 4; lastKnownFileType = sourcecode.c.objc; path = TwitterAPIClient.m; sourceTree = "<group>"; };
		FEF3E89118E8F2DB00CB3812 /* Tweet.h */ = {isa = PBXFileReference; fileEncoding = 4; lastKnownFileType = sourcecode.c.h; path = Tweet.h; sourceTree = "<group>"; };
		FEF3E89218E8F2DB00CB3812 /* Tweet.m */ = {isa = PBXFileReference; fileEncoding = 4; lastKnownFileType = sourcecode.c.objc; path = Tweet.m; sourceTree = "<group>"; };
		FEF3E89618E8F74800CB3812 /* LoginViewController.h */ = {isa = PBXFileReference; fileEncoding = 4; lastKnownFileType = sourcecode.c.h; path = LoginViewController.h; sourceTree = "<group>"; };
		FEF3E89718E8F74800CB3812 /* LoginViewController.m */ = {isa = PBXFileReference; fileEncoding = 4; lastKnownFileType = sourcecode.c.objc; path = LoginViewController.m; sourceTree = "<group>"; };
		FEF3E89818E8F74800CB3812 /* LoginViewController.xib */ = {isa = PBXFileReference; fileEncoding = 4; lastKnownFileType = file.xib; path = LoginViewController.xib; sourceTree = "<group>"; };
/* End PBXFileReference section */

/* Begin PBXFrameworksBuildPhase section */
		FEF3E85818E8EE5400CB3812 /* Frameworks */ = {
			isa = PBXFrameworksBuildPhase;
			buildActionMask = 2147483647;
			files = (
				FEF3E86118E8EE5400CB3812 /* CoreGraphics.framework in Frameworks */,
				FEF3E86318E8EE5400CB3812 /* UIKit.framework in Frameworks */,
				FEF3E85F18E8EE5400CB3812 /* Foundation.framework in Frameworks */,
				53F104E0DE47473D9F148F92 /* libPods.a in Frameworks */,
			);
			runOnlyForDeploymentPostprocessing = 0;
		};
		FEF3E87318E8EE5400CB3812 /* Frameworks */ = {
			isa = PBXFrameworksBuildPhase;
			buildActionMask = 2147483647;
			files = (
				FEF3E87818E8EE5400CB3812 /* XCTest.framework in Frameworks */,
				FEF3E87A18E8EE5400CB3812 /* UIKit.framework in Frameworks */,
				FEF3E87918E8EE5400CB3812 /* Foundation.framework in Frameworks */,
			);
			runOnlyForDeploymentPostprocessing = 0;
		};
/* End PBXFrameworksBuildPhase section */

/* Begin PBXGroup section */
		FEBE1B4218E9069A004853C0 /* Categories */ = {
			isa = PBXGroup;
			children = (
				FEBE1B4318E906CB004853C0 /* NSURL+dictionaryFromQueryString.h */,
				FEBE1B4418E906CB004853C0 /* NSURL+dictionaryFromQueryString.m */,
			);
			name = Categories;
			sourceTree = "<group>";
		};
		FEBE1B4E18E920A5004853C0 /* Views */ = {
			isa = PBXGroup;
			children = (
				FEBE1B4F18E920C2004853C0 /* TweetCell.h */,
				FEBE1B5018E920C2004853C0 /* TweetCell.m */,
				FEBE1B5118E920C2004853C0 /* TweetCell.xib */,
				FEAAF75B18F27E78009DA045 /* SidebarProfileCell.h */,
				FEAAF75C18F27E78009DA045 /* SidebarProfileCell.m */,
				FEAAF75D18F27E78009DA045 /* SidebarProfileCell.xib */,
			);
			name = Views;
			sourceTree = "<group>";
		};
		FEF3E85218E8EE5400CB3812 = {
			isa = PBXGroup;
			children = (
				FEF3E86418E8EE5400CB3812 /* Twitter */,
				FEF3E87D18E8EE5400CB3812 /* TwitterTests */,
				FEF3E85D18E8EE5400CB3812 /* Frameworks */,
				FEF3E85C18E8EE5400CB3812 /* Products */,
				C8AA38C881CE486FA805B308 /* Pods.xcconfig */,
			);
			sourceTree = "<group>";
		};
		FEF3E85C18E8EE5400CB3812 /* Products */ = {
			isa = PBXGroup;
			children = (
				FEF3E85B18E8EE5400CB3812 /* Twitter.app */,
				FEF3E87618E8EE5400CB3812 /* TwitterTests.xctest */,
			);
			name = Products;
			sourceTree = "<group>";
		};
		FEF3E85D18E8EE5400CB3812 /* Frameworks */ = {
			isa = PBXGroup;
			children = (
				FEF3E85E18E8EE5400CB3812 /* Foundation.framework */,
				FEF3E86018E8EE5400CB3812 /* CoreGraphics.framework */,
				FEF3E86218E8EE5400CB3812 /* UIKit.framework */,
				FEF3E87718E8EE5400CB3812 /* XCTest.framework */,
				B36CFA9678AF4CDC99C675F0 /* libPods.a */,
			);
			name = Frameworks;
			sourceTree = "<group>";
		};
		FEF3E86418E8EE5400CB3812 /* Twitter */ = {
			isa = PBXGroup;
			children = (
				FEBE1B4218E9069A004853C0 /* Categories */,
				FEF3E89418E8F3F000CB3812 /* API */,
				FEF3E89018E8F2CD00CB3812 /* Models */,
				FEF3E89518E8F72800CB3812 /* ViewControllers */,
				FEBE1B4E18E920A5004853C0 /* Views */,
				FEF3E86D18E8EE5400CB3812 /* AppDelegate.h */,
				FEF3E86E18E8EE5400CB3812 /* AppDelegate.m */,
				FEF3E87018E8EE5400CB3812 /* Images.xcassets */,
				FEF3E86518E8EE5400CB3812 /* Supporting Files */,
			);
			path = Twitter;
			sourceTree = "<group>";
		};
		FEF3E86518E8EE5400CB3812 /* Supporting Files */ = {
			isa = PBXGroup;
			children = (
				FEF3E86618E8EE5400CB3812 /* Twitter-Info.plist */,
				FEF3E86718E8EE5400CB3812 /* InfoPlist.strings */,
				FEF3E86A18E8EE5400CB3812 /* main.m */,
				FEF3E86C18E8EE5400CB3812 /* Twitter-Prefix.pch */,
			);
			name = "Supporting Files";
			sourceTree = "<group>";
		};
		FEF3E87D18E8EE5400CB3812 /* TwitterTests */ = {
			isa = PBXGroup;
			children = (
				FEF3E88318E8EE5400CB3812 /* TwitterTests.m */,
				FEF3E87E18E8EE5400CB3812 /* Supporting Files */,
			);
			path = TwitterTests;
			sourceTree = "<group>";
		};
		FEF3E87E18E8EE5400CB3812 /* Supporting Files */ = {
			isa = PBXGroup;
			children = (
				FEF3E87F18E8EE5400CB3812 /* TwitterTests-Info.plist */,
				FEF3E88018E8EE5400CB3812 /* InfoPlist.strings */,
			);
			name = "Supporting Files";
			sourceTree = "<group>";
		};
		FEF3E89018E8F2CD00CB3812 /* Models */ = {
			isa = PBXGroup;
			children = (
				FEF3E89118E8F2DB00CB3812 /* Tweet.h */,
				FEF3E89218E8F2DB00CB3812 /* Tweet.m */,
				FEBE1B4B18E90F15004853C0 /* User.h */,
				FEBE1B4C18E90F15004853C0 /* User.m */,
			);
			name = Models;
			sourceTree = "<group>";
		};
		FEF3E89418E8F3F000CB3812 /* API */ = {
			isa = PBXGroup;
			children = (
				FEF3E88D18E8EEF600CB3812 /* TwitterAPIClient.h */,
				FEF3E88E18E8EEF600CB3812 /* TwitterAPIClient.m */,
			);
			name = API;
			sourceTree = "<group>";
		};
		FEF3E89518E8F72800CB3812 /* ViewControllers */ = {
			isa = PBXGroup;
			children = (
				FEF3E89618E8F74800CB3812 /* LoginViewController.h */,
				FEF3E89718E8F74800CB3812 /* LoginViewController.m */,
				FEF3E89818E8F74800CB3812 /* LoginViewController.xib */,
				FEBE1B4618E90EDF004853C0 /* TweetsViewController.h */,
				FEBE1B4718E90EDF004853C0 /* TweetsViewController.m */,
				FEBE1B4818E90EDF004853C0 /* TweetsViewController.xib */,
				FEBE1B5418E932CD004853C0 /* ComposeViewController.h */,
				FEBE1B5518E932CE004853C0 /* ComposeViewController.m */,
				FEBE1B5618E932CE004853C0 /* ComposeViewController.xib */,
				FEBE1B5918E9450C004853C0 /* TweetViewController.h */,
				FEBE1B5A18E9450C004853C0 /* TweetViewController.m */,
				FEBE1B5B18E9450C004853C0 /* TweetViewController.xib */,
				FEAAF74618F219E6009DA045 /* SidebarContainerViewController.h */,
				FEAAF74718F219E6009DA045 /* SidebarContainerViewController.m */,
				FEAAF74818F219E6009DA045 /* SidebarContainerViewController.xib */,
				FEAAF75018F23459009DA045 /* ProfileViewController.h */,
				FEAAF75118F23459009DA045 /* ProfileViewController.m */,
				FEAAF75218F23459009DA045 /* ProfileViewController.xib */,
				FEAAF75518F23C46009DA045 /* SidebarDelegate.h */,
				FEAAF75818F24539009DA045 /* EmbeddedViewController.h */,
				FEAAF75918F24539009DA045 /* EmbeddedViewController.m */,
			);
			name = ViewControllers;
			sourceTree = "<group>";
		};
/* End PBXGroup section */

/* Begin PBXNativeTarget section */
		FEF3E85A18E8EE5400CB3812 /* Twitter */ = {
			isa = PBXNativeTarget;
			buildConfigurationList = FEF3E88718E8EE5400CB3812 /* Build configuration list for PBXNativeTarget "Twitter" */;
			buildPhases = (
				D6975B98012E43B191117958 /* Check Pods Manifest.lock */,
				FEF3E85718E8EE5400CB3812 /* Sources */,
				FEF3E85818E8EE5400CB3812 /* Frameworks */,
				FEF3E85918E8EE5400CB3812 /* Resources */,
				97ABC158A0B64A32A695A43B /* Copy Pods Resources */,
			);
			buildRules = (
			);
			dependencies = (
			);
			name = Twitter;
			productName = Twitter;
			productReference = FEF3E85B18E8EE5400CB3812 /* Twitter.app */;
			productType = "com.apple.product-type.application";
		};
		FEF3E87518E8EE5400CB3812 /* TwitterTests */ = {
			isa = PBXNativeTarget;
			buildConfigurationList = FEF3E88A18E8EE5400CB3812 /* Build configuration list for PBXNativeTarget "TwitterTests" */;
			buildPhases = (
				FEF3E87218E8EE5400CB3812 /* Sources */,
				FEF3E87318E8EE5400CB3812 /* Frameworks */,
				FEF3E87418E8EE5400CB3812 /* Resources */,
			);
			buildRules = (
			);
			dependencies = (
				FEF3E87C18E8EE5400CB3812 /* PBXTargetDependency */,
			);
			name = TwitterTests;
			productName = TwitterTests;
			productReference = FEF3E87618E8EE5400CB3812 /* TwitterTests.xctest */;
			productType = "com.apple.product-type.bundle.unit-test";
		};
/* End PBXNativeTarget section */

/* Begin PBXProject section */
		FEF3E85318E8EE5400CB3812 /* Project object */ = {
			isa = PBXProject;
			attributes = {
				LastUpgradeCheck = 0510;
				ORGANIZATIONNAME = "Liron Yahdav";
				TargetAttributes = {
					FEF3E87518E8EE5400CB3812 = {
						TestTargetID = FEF3E85A18E8EE5400CB3812;
					};
				};
			};
			buildConfigurationList = FEF3E85618E8EE5400CB3812 /* Build configuration list for PBXProject "Twitter" */;
			compatibilityVersion = "Xcode 3.2";
			developmentRegion = English;
			hasScannedForEncodings = 0;
			knownRegions = (
				en,
			);
			mainGroup = FEF3E85218E8EE5400CB3812;
			productRefGroup = FEF3E85C18E8EE5400CB3812 /* Products */;
			projectDirPath = "";
			projectRoot = "";
			targets = (
				FEF3E85A18E8EE5400CB3812 /* Twitter */,
				FEF3E87518E8EE5400CB3812 /* TwitterTests */,
			);
		};
/* End PBXProject section */

/* Begin PBXResourcesBuildPhase section */
		FEF3E85918E8EE5400CB3812 /* Resources */ = {
			isa = PBXResourcesBuildPhase;
			buildActionMask = 2147483647;
			files = (
				FEBE1B4A18E90EDF004853C0 /* TweetsViewController.xib in Resources */,
				FEBE1B5D18E9450C004853C0 /* TweetViewController.xib in Resources */,
				FEBE1B5818E932CE004853C0 /* ComposeViewController.xib in Resources */,
				FEAAF74A18F219E6009DA045 /* SidebarContainerViewController.xib in Resources */,
				FEF3E86918E8EE5400CB3812 /* InfoPlist.strings in Resources */,
				FEF3E87118E8EE5400CB3812 /* Images.xcassets in Resources */,
				FEBE1B5318E920C2004853C0 /* TweetCell.xib in Resources */,
				FEAAF75418F23459009DA045 /* ProfileViewController.xib in Resources */,
				FEAAF75F18F27E78009DA045 /* SidebarProfileCell.xib in Resources */,
				FEF3E89A18E8F74800CB3812 /* LoginViewController.xib in Resources */,
			);
			runOnlyForDeploymentPostprocessing = 0;
		};
		FEF3E87418E8EE5400CB3812 /* Resources */ = {
			isa = PBXResourcesBuildPhase;
			buildActionMask = 2147483647;
			files = (
				FEF3E88218E8EE5400CB3812 /* InfoPlist.strings in Resources */,
			);
			runOnlyForDeploymentPostprocessing = 0;
		};
/* End PBXResourcesBuildPhase section */

/* Begin PBXShellScriptBuildPhase section */
		97ABC158A0B64A32A695A43B /* Copy Pods Resources */ = {
			isa = PBXShellScriptBuildPhase;
			buildActionMask = 2147483647;
			files = (
			);
			inputPaths = (
			);
			name = "Copy Pods Resources";
			outputPaths = (
			);
			runOnlyForDeploymentPostprocessing = 0;
			shellPath = /bin/sh;
			shellScript = "\"${SRCROOT}/Pods/Pods-resources.sh\"\n";
			showEnvVarsInLog = 0;
		};
		D6975B98012E43B191117958 /* Check Pods Manifest.lock */ = {
			isa = PBXShellScriptBuildPhase;
			buildActionMask = 2147483647;
			files = (
			);
			inputPaths = (
			);
			name = "Check Pods Manifest.lock";
			outputPaths = (
			);
			runOnlyForDeploymentPostprocessing = 0;
			shellPath = /bin/sh;
			shellScript = "diff \"${PODS_ROOT}/../Podfile.lock\" \"${PODS_ROOT}/Manifest.lock\" > /dev/null\nif [[ $? != 0 ]] ; then\n    cat << EOM\nerror: The sandbox is not in sync with the Podfile.lock. Run 'pod install' or update your CocoaPods installation.\nEOM\n    exit 1\nfi\n";
			showEnvVarsInLog = 0;
		};
/* End PBXShellScriptBuildPhase section */

/* Begin PBXSourcesBuildPhase section */
		FEF3E85718E8EE5400CB3812 /* Sources */ = {
			isa = PBXSourcesBuildPhase;
			buildActionMask = 2147483647;
			files = (
				FEBE1B4D18E90F15004853C0 /* User.m in Sources */,
				FEF3E86F18E8EE5400CB3812 /* AppDelegate.m in Sources */,
				FEAAF74918F219E6009DA045 /* SidebarContainerViewController.m in Sources */,
				FEAAF75A18F24539009DA045 /* EmbeddedViewController.m in Sources */,
				FEAAF75318F23459009DA045 /* ProfileViewController.m in Sources */,
				FEBE1B5218E920C2004853C0 /* TweetCell.m in Sources */,
				FEBE1B5718E932CE004853C0 /* ComposeViewController.m in Sources */,
				FEF3E88F18E8EEF600CB3812 /* TwitterAPIClient.m in Sources */,
				FEBE1B5C18E9450C004853C0 /* TweetViewController.m in Sources */,
				FEF3E86B18E8EE5400CB3812 /* main.m in Sources */,
				FEAAF75E18F27E78009DA045 /* SidebarProfileCell.m in Sources */,
				FEF3E89318E8F2DB00CB3812 /* Tweet.m in Sources */,
				FEBE1B4518E906CB004853C0 /* NSURL+dictionaryFromQueryString.m in Sources */,
				FEF3E89918E8F74800CB3812 /* LoginViewController.m in Sources */,
				FEBE1B4918E90EDF004853C0 /* TweetsViewController.m in Sources */,
			);
			runOnlyForDeploymentPostprocessing = 0;
		};
		FEF3E87218E8EE5400CB3812 /* Sources */ = {
			isa = PBXSourcesBuildPhase;
			buildActionMask = 2147483647;
			files = (
				FEF3E88418E8EE5400CB3812 /* TwitterTests.m in Sources */,
			);
			runOnlyForDeploymentPostprocessing = 0;
		};
/* End PBXSourcesBuildPhase section */

/* Begin PBXTargetDependency section */
		FEF3E87C18E8EE5400CB3812 /* PBXTargetDependency */ = {
			isa = PBXTargetDependency;
			target = FEF3E85A18E8EE5400CB3812 /* Twitter */;
			targetProxy = FEF3E87B18E8EE5400CB3812 /* PBXContainerItemProxy */;
		};
/* End PBXTargetDependency section */

/* Begin PBXVariantGroup section */
		FEF3E86718E8EE5400CB3812 /* InfoPlist.strings */ = {
			isa = PBXVariantGroup;
			children = (
				FEF3E86818E8EE5400CB3812 /* en */,
			);
			name = InfoPlist.strings;
			sourceTree = "<group>";
		};
		FEF3E88018E8EE5400CB3812 /* InfoPlist.strings */ = {
			isa = PBXVariantGroup;
			children = (
				FEF3E88118E8EE5400CB3812 /* en */,
			);
			name = InfoPlist.strings;
			sourceTree = "<group>";
		};
/* End PBXVariantGroup section */

/* Begin XCBuildConfiguration section */
		FEF3E88518E8EE5400CB3812 /* Debug */ = {
			isa = XCBuildConfiguration;
			buildSettings = {
				ALWAYS_SEARCH_USER_PATHS = NO;
				CLANG_CXX_LANGUAGE_STANDARD = "gnu++0x";
				CLANG_CXX_LIBRARY = "libc++";
				CLANG_ENABLE_MODULES = YES;
				CLANG_ENABLE_OBJC_ARC = YES;
				CLANG_WARN_BOOL_CONVERSION = YES;
				CLANG_WARN_CONSTANT_CONVERSION = YES;
				CLANG_WARN_DIRECT_OBJC_ISA_USAGE = YES_ERROR;
				CLANG_WARN_EMPTY_BODY = YES;
				CLANG_WARN_ENUM_CONVERSION = YES;
				CLANG_WARN_INT_CONVERSION = YES;
				CLANG_WARN_OBJC_ROOT_CLASS = YES_ERROR;
				CLANG_WARN__DUPLICATE_METHOD_MATCH = YES;
				"CODE_SIGN_IDENTITY[sdk=iphoneos*]" = "iPhone Developer";
				COPY_PHASE_STRIP = NO;
				GCC_C_LANGUAGE_STANDARD = gnu99;
				GCC_DYNAMIC_NO_PIC = NO;
				GCC_OPTIMIZATION_LEVEL = 0;
				GCC_PREPROCESSOR_DEFINITIONS = (
					"DEBUG=1",
					"$(inherited)",
				);
				GCC_SYMBOLS_PRIVATE_EXTERN = NO;
				GCC_WARN_64_TO_32_BIT_CONVERSION = YES;
				GCC_WARN_ABOUT_RETURN_TYPE = YES_ERROR;
				GCC_WARN_UNDECLARED_SELECTOR = YES;
				GCC_WARN_UNINITIALIZED_AUTOS = YES_AGGRESSIVE;
				GCC_WARN_UNUSED_FUNCTION = YES;
				GCC_WARN_UNUSED_VARIABLE = YES;
				IPHONEOS_DEPLOYMENT_TARGET = 7.1;
				ONLY_ACTIVE_ARCH = YES;
				SDKROOT = iphoneos;
			};
			name = Debug;
		};
		FEF3E88618E8EE5400CB3812 /* Release */ = {
			isa = XCBuildConfiguration;
			buildSettings = {
				ALWAYS_SEARCH_USER_PATHS = NO;
				CLANG_CXX_LANGUAGE_STANDARD = "gnu++0x";
				CLANG_CXX_LIBRARY = "libc++";
				CLANG_ENABLE_MODULES = YES;
				CLANG_ENABLE_OBJC_ARC = YES;
				CLANG_WARN_BOOL_CONVERSION = YES;
				CLANG_WARN_CONSTANT_CONVERSION = YES;
				CLANG_WARN_DIRECT_OBJC_ISA_USAGE = YES_ERROR;
				CLANG_WARN_EMPTY_BODY = YES;
				CLANG_WARN_ENUM_CONVERSION = YES;
				CLANG_WARN_INT_CONVERSION = YES;
				CLANG_WARN_OBJC_ROOT_CLASS = YES_ERROR;
				CLANG_WARN__DUPLICATE_METHOD_MATCH = YES;
				"CODE_SIGN_IDENTITY[sdk=iphoneos*]" = "iPhone Developer";
				COPY_PHASE_STRIP = YES;
				ENABLE_NS_ASSERTIONS = NO;
				GCC_C_LANGUAGE_STANDARD = gnu99;
				GCC_WARN_64_TO_32_BIT_CONVERSION = YES;
				GCC_WARN_ABOUT_RETURN_TYPE = YES_ERROR;
				GCC_WARN_UNDECLARED_SELECTOR = YES;
				GCC_WARN_UNINITIALIZED_AUTOS = YES_AGGRESSIVE;
				GCC_WARN_UNUSED_FUNCTION = YES;
				GCC_WARN_UNUSED_VARIABLE = YES;
				IPHONEOS_DEPLOYMENT_TARGET = 7.1;
				SDKROOT = iphoneos;
				VALIDATE_PRODUCT = YES;
			};
			name = Release;
		};
		FEF3E88818E8EE5400CB3812 /* Debug */ = {
			isa = XCBuildConfiguration;
			baseConfigurationReference = C8AA38C881CE486FA805B308 /* Pods.xcconfig */;
			buildSettings = {
				ASSETCATALOG_COMPILER_APPICON_NAME = AppIcon;
				ASSETCATALOG_COMPILER_LAUNCHIMAGE_NAME = LaunchImage;
				GCC_PRECOMPILE_PREFIX_HEADER = YES;
				GCC_PREFIX_HEADER = "Twitter/Twitter-Prefix.pch";
				INFOPLIST_FILE = "Twitter/Twitter-Info.plist";
				PRODUCT_NAME = "$(TARGET_NAME)";
				WRAPPER_EXTENSION = app;
			};
			name = Debug;
		};
		FEF3E88918E8EE5400CB3812 /* Release */ = {
			isa = XCBuildConfiguration;
			baseConfigurationReference = C8AA38C881CE486FA805B308 /* Pods.xcconfig */;
			buildSettings = {
				ASSETCATALOG_COMPILER_APPICON_NAME = AppIcon;
				ASSETCATALOG_COMPILER_LAUNCHIMAGE_NAME = LaunchImage;
				GCC_PRECOMPILE_PREFIX_HEADER = YES;
				GCC_PREFIX_HEADER = "Twitter/Twitter-Prefix.pch";
				INFOPLIST_FILE = "Twitter/Twitter-Info.plist";
				PRODUCT_NAME = "$(TARGET_NAME)";
				WRAPPER_EXTENSION = app;
			};
			name = Release;
		};
		FEF3E88B18E8EE5400CB3812 /* Debug */ = {
			isa = XCBuildConfiguration;
			buildSettings = {
				BUNDLE_LOADER = "$(BUILT_PRODUCTS_DIR)/Twitter.app/Twitter";
				FRAMEWORK_SEARCH_PATHS = (
					"$(SDKROOT)/Developer/Library/Frameworks",
					"$(inherited)",
					"$(DEVELOPER_FRAMEWORKS_DIR)",
				);
				GCC_PRECOMPILE_PREFIX_HEADER = YES;
				GCC_PREFIX_HEADER = "Twitter/Twitter-Prefix.pch";
				GCC_PREPROCESSOR_DEFINITIONS = (
					"DEBUG=1",
					"$(inherited)",
				);
				INFOPLIST_FILE = "TwitterTests/TwitterTests-Info.plist";
				PRODUCT_NAME = "$(TARGET_NAME)";
				TEST_HOST = "$(BUNDLE_LOADER)";
				WRAPPER_EXTENSION = xctest;
			};
			name = Debug;
		};
		FEF3E88C18E8EE5400CB3812 /* Release */ = {
			isa = XCBuildConfiguration;
			buildSettings = {
				BUNDLE_LOADER = "$(BUILT_PRODUCTS_DIR)/Twitter.app/Twitter";
				FRAMEWORK_SEARCH_PATHS = (
					"$(SDKROOT)/Developer/Library/Frameworks",
					"$(inherited)",
					"$(DEVELOPER_FRAMEWORKS_DIR)",
				);
				GCC_PRECOMPILE_PREFIX_HEADER = YES;
				GCC_PREFIX_HEADER = "Twitter/Twitter-Prefix.pch";
				INFOPLIST_FILE = "TwitterTests/TwitterTests-Info.plist";
				PRODUCT_NAME = "$(TARGET_NAME)";
				TEST_HOST = "$(BUNDLE_LOADER)";
				WRAPPER_EXTENSION = xctest;
			};
			name = Release;
		};
/* End XCBuildConfiguration section */

/* Begin XCConfigurationList section */
		FEF3E85618E8EE5400CB3812 /* Build configuration list for PBXProject "Twitter" */ = {
			isa = XCConfigurationList;
			buildConfigurations = (
				FEF3E88518E8EE5400CB3812 /* Debug */,
				FEF3E88618E8EE5400CB3812 /* Release */,
			);
			defaultConfigurationIsVisible = 0;
			defaultConfigurationName = Release;
		};
		FEF3E88718E8EE5400CB3812 /* Build configuration list for PBXNativeTarget "Twitter" */ = {
			isa = XCConfigurationList;
			buildConfigurations = (
				FEF3E88818E8EE5400CB3812 /* Debug */,
				FEF3E88918E8EE5400CB3812 /* Release */,
			);
			defaultConfigurationIsVisible = 0;
			defaultConfigurationName = Release;
		};
		FEF3E88A18E8EE5400CB3812 /* Build configuration list for PBXNativeTarget "TwitterTests" */ = {
			isa = XCConfigurationList;
			buildConfigurations = (
				FEF3E88B18E8EE5400CB3812 /* Debug */,
				FEF3E88C18E8EE5400CB3812 /* Release */,
			);
			defaultConfigurationIsVisible = 0;
			defaultConfigurationName = Release;
		};
/* End XCConfigurationList section */
	};
	rootObject = FEF3E85318E8EE5400CB3812 /* Project object */;
}
